
Microsoft Visual Studio Solution File, Format Version 12.00
# Visual Studio Version 16
VisualStudioVersion = 16.0.29920.165
MinimumVisualStudioVersion = 10.0.40219.1
Project("{FAE04EC0-301F-11D3-BF4B-00C04F79EFBC}") = "Wasteland2SaveEditor", "Wasteland2SaveEditor\Wasteland2SaveEditor.csproj", "{61F4F897-8EED-401B-A4F8-CA0E07FBEFBA}"
EndProject
Global
	GlobalSection(SolutionConfigurationPlatforms) = preSolution
		Debug|Any CPU = Debug|Any CPU
		Release|Any CPU = Release|Any CPU
	EndGlobalSection
	GlobalSection(ProjectConfigurationPlatforms) = postSolution
		{61F4F897-8EED-401B-A4F8-CA0E07FBEFBA}.Debug|Any CPU.ActiveCfg = Debug|Any CPU
		{61F4F897-8EED-401B-A4F8-CA0E07FBEFBA}.Debug|Any CPU.Build.0 = Debug|Any CPU
		{61F4F897-8EED-401B-A4F8-CA0E07FBEFBA}.Release|Any CPU.ActiveCfg = Release|Any CPU
		{61F4F897-8EED-401B-A4F8-CA0E07FBEFBA}.Release|Any CPU.Build.0 = Release|Any CPU
	EndGlobalSection
	GlobalSection(SolutionProperties) = preSolution
		HideSolutionNode = FALSE
	EndGlobalSection
	GlobalSection(ExtensibilityGlobals) = postSolution
		SolutionGuid = {E944A909-2050-4A8E-A02F-1AED4D7AC461}
	EndGlobalSection
EndGlobal
